PODS:
  - Flutter (1.0.0)
  - flutter_statusbarcolor (0.0.1):
    - Flutter
  - path_provider (0.0.1):
    - Flutter
  - url_launcher (0.0.1):
    - Flutter

DEPENDENCIES:
  - Flutter (from `.symlinks/flutter/ios`)
  - flutter_statusbarcolor (from `.symlinks/plugins/flutter_statusbarcolor/ios`)
  - path_provider (from `.symlinks/plugins/path_provider/ios`)
  - url_launcher (from `.symlinks/plugins/url_launcher/ios`)

EXTERNAL SOURCES:
  Flutter:
    :path: ".symlinks/flutter/ios"
  flutter_statusbarcolor:
    :path: ".symlinks/plugins/flutter_statusbarcolor/ios"
  path_provider:
    :path: ".symlinks/plugins/path_provider/ios"
  url_launcher:
    :path: ".symlinks/plugins/url_launcher/ios"

SPEC CHECKSUMS:
  Flutter: 58dd7d1b27887414a370fcccb9e645c08ffd7a6a
  flutter_statusbarcolor: 8afb1071ed8c58be929f1e32b36c629771fd2259
  path_provider: f96fff6166a8867510d2c25fdcc346327cc4b259
  url_launcher: 0067ddb8f10d36786672aa0722a21717dba3a298

PODFILE CHECKSUM: 1e5af4103afd21ca5ead147d7b81d06f494f51a2

COCOAPODS: 1.7.2
